
Microsoft Visual Studio Solution File, Format Version 12.00
# Visual Studio 15
VisualStudioVersion = 15.0.26730.12
MinimumVisualStudioVersion = 10.0.40219.1
Project("{8BC9CEB8-8B4A-11D0-8D11-00A0C91BC942}") = "factorial", "ConsoleApplication1\ConsoleApplication1.vcxproj", "{89290FE7-F4B6-4CC2-92FE-19B13C87BCF9}"
EndProject
Project("{8BC9CEB8-8B4A-11D0-8D11-00A0C91BC942}") = "fibNums", "MatrixTransposeFile\MatrixTransposeFile.vcxproj", "{1F42B6BF-7E6C-43E3-A047-91C21370300F}"
EndProject
Project("{8BC9CEB8-8B4A-11D0-8D11-00A0C91BC942}") = "SumEntered", "SumEntered\SumEntered.vcxproj", "{7EB6025D-24D1-4CBB-8985-8D6CD4761B24}"
EndProject
Global
	GlobalSection(SolutionConfigurationPlatforms) = preSolution
		Debug|x64 = Debug|x64
		Debug|x86 = Debug|x86
		Release|x64 = Release|x64
		Release|x86 = Release|x86
	EndGlobalSection
	GlobalSection(ProjectConfigurationPlatforms) = postSolution
		{89290FE7-F4B6-4CC2-92FE-19B13C87BCF9}.Debug|x64.ActiveCfg = Debug|x64
		{89290FE7-F4B6-4CC2-92FE-19B13C87BCF9}.Debug|x64.Build.0 = Debug|x64
		{89290FE7-F4B6-4CC2-92FE-19B13C87BCF9}.Debug|x86.ActiveCfg = Debug|Win32
		{89290FE7-F4B6-4CC2-92FE-19B13C87BCF9}.Debug|x86.Build.0 = Debug|Win32
		{89290FE7-F4B6-4CC2-92FE-19B13C87BCF9}.Release|x64.ActiveCfg = Release|x64
		{89290FE7-F4B6-4CC2-92FE-19B13C87BCF9}.Release|x64.Build.0 = Release|x64
		{89290FE7-F4B6-4CC2-92FE-19B13C87BCF9}.Release|x86.ActiveCfg = Release|Win32
		{89290FE7-F4B6-4CC2-92FE-19B13C87BCF9}.Release|x86.Build.0 = Release|Win32
		{1F42B6BF-7E6C-43E3-A047-91C21370300F}.Debug|x64.ActiveCfg = Debug|x64
		{1F42B6BF-7E6C-43E3-A047-91C21370300F}.Debug|x64.Build.0 = Debug|x64
		{1F42B6BF-7E6C-43E3-A047-91C21370300F}.Debug|x86.ActiveCfg = Debug|Win32
		{1F42B6BF-7E6C-43E3-A047-91C21370300F}.Debug|x86.Build.0 = Debug|Win32
		{1F42B6BF-7E6C-43E3-A047-91C21370300F}.Release|x64.ActiveCfg = Release|x64
		{1F42B6BF-7E6C-43E3-A047-91C21370300F}.Release|x64.Build.0 = Release|x64
		{1F42B6BF-7E6C-43E3-A047-91C21370300F}.Release|x86.ActiveCfg = Release|Win32
		{1F42B6BF-7E6C-43E3-A047-91C21370300F}.Release|x86.Build.0 = Release|Win32
		{7EB6025D-24D1-4CBB-8985-8D6CD4761B24}.Debug|x64.ActiveCfg = Debug|x64
		{7EB6025D-24D1-4CBB-8985-8D6CD4761B24}.Debug|x64.Build.0 = Debug|x64
		{7EB6025D-24D1-4CBB-8985-8D6CD4761B24}.Debug|x86.ActiveCfg = Debug|Win32
		{7EB6025D-24D1-4CBB-8985-8D6CD4761B24}.Debug|x86.Build.0 = Debug|Win32
		{7EB6025D-24D1-4CBB-8985-8D6CD4761B24}.Release|x64.ActiveCfg = Release|x64
		{7EB6025D-24D1-4CBB-8985-8D6CD4761B24}.Release|x64.Build.0 = Release|x64
		{7EB6025D-24D1-4CBB-8985-8D6CD4761B24}.Release|x86.ActiveCfg = Release|Win32
		{7EB6025D-24D1-4CBB-8985-8D6CD4761B24}.Release|x86.Build.0 = Release|Win32
	EndGlobalSection
	GlobalSection(SolutionProperties) = preSolution
		HideSolutionNode = FALSE
	EndGlobalSection
	GlobalSection(ExtensibilityGlobals) = postSolution
		SolutionGuid = {B93B69A8-4C11-4645-8EA9-BF20F150FEF6}
	EndGlobalSection
EndGlobal
